
Microsoft Visual Studio Solution File, Format Version 12.00
# Visual Studio 2013
VisualStudioVersion = 12.0.30501.0
MinimumVisualStudioVersion = 10.0.40219.1
Project("{FAE04EC0-301F-11D3-BF4B-00C04F79EFBC}") = "TransmissionUI", "TransmissionUI\TransmissionUI.csproj", "{519C9F8D-9354-4E73-81F8-722F0E05C42E}"
EndProject
Project("{FAE04EC0-301F-11D3-BF4B-00C04F79EFBC}") = "Tranmission.DAL", "Tranmission.DAL\Tranmission.DAL.csproj", "{249A06E6-DAEE-4E9E-A802-A035C2BF8668}"
EndProject
Project("{FAE04EC0-301F-11D3-BF4B-00C04F79EFBC}") = "Transmission.BLL", "Transmission.BLL\Transmission.BLL.csproj", "{C202D880-BD38-4BE3-A2E4-76E36D08FFD2}"
EndProject
Global
	GlobalSection(SolutionConfigurationPlatforms) = preSolution
		Debug|Any CPU = Debug|Any CPU
		Release|Any CPU = Release|Any CPU
	EndGlobalSection
	GlobalSection(ProjectConfigurationPlatforms) = postSolution
		{519C9F8D-9354-4E73-81F8-722F0E05C42E}.Debug|Any CPU.ActiveCfg = Debug|Any CPU
		{519C9F8D-9354-4E73-81F8-722F0E05C42E}.Debug|Any CPU.Build.0 = Debug|Any CPU
		{519C9F8D-9354-4E73-81F8-722F0E05C42E}.Release|Any CPU.ActiveCfg = Release|Any CPU
		{519C9F8D-9354-4E73-81F8-722F0E05C42E}.Release|Any CPU.Build.0 = Release|Any CPU
		{249A06E6-DAEE-4E9E-A802-A035C2BF8668}.Debug|Any CPU.ActiveCfg = Debug|Any CPU
		{249A06E6-DAEE-4E9E-A802-A035C2BF8668}.Debug|Any CPU.Build.0 = Debug|Any CPU
		{249A06E6-DAEE-4E9E-A802-A035C2BF8668}.Release|Any CPU.ActiveCfg = Release|Any CPU
		{249A06E6-DAEE-4E9E-A802-A035C2BF8668}.Release|Any CPU.Build.0 = Release|Any CPU
		{C202D880-BD38-4BE3-A2E4-76E36D08FFD2}.Debug|Any CPU.ActiveCfg = Debug|Any CPU
		{C202D880-BD38-4BE3-A2E4-76E36D08FFD2}.Debug|Any CPU.Build.0 = Debug|Any CPU
		{C202D880-BD38-4BE3-A2E4-76E36D08FFD2}.Release|Any CPU.ActiveCfg = Release|Any CPU
		{C202D880-BD38-4BE3-A2E4-76E36D08FFD2}.Release|Any CPU.Build.0 = Release|Any CPU
	EndGlobalSection
	GlobalSection(SolutionProperties) = preSolution
		HideSolutionNode = FALSE
	EndGlobalSection
EndGlobal
